// !$*UTF8*$!
{
	archiveVersion = 1;
	classes = {
	};
	objectVersion = 56;
	objects = {

/* Begin PBXBuildFile section */
		F36AF4C22B5FCD230072A436 /* FirebaseAnalytics in Frameworks */ = {isa = PBXBuildFile; productRef = F36AF4C12B5FCD230072A436 /* FirebaseAnalytics */; };
		F36AF4C42B5FCD230072A436 /* FirebaseAnalyticsOnDeviceConversion in Frameworks */ = {isa = PBXBuildFile; productRef = F36AF4C32B5FCD230072A436 /* FirebaseAnalyticsOnDeviceConversion */; };
		F36AF4C62B5FCD230072A436 /* FirebaseAnalyticsSwift in Frameworks */ = {isa = PBXBuildFile; productRef = F36AF4C52B5FCD230072A436 /* FirebaseAnalyticsSwift */; };
		F36AF4C82B5FCD230072A436 /* FirebaseAnalyticsWithoutAdIdSupport in Frameworks */ = {isa = PBXBuildFile; productRef = F36AF4C72B5FCD230072A436 /* FirebaseAnalyticsWithoutAdIdSupport */; };
		F36AF4CA2B5FCD230072A436 /* FirebaseAppCheck in Frameworks */ = {isa = PBXBuildFile; productRef = F36AF4C92B5FCD230072A436 /* FirebaseAppCheck */; };
		F36AF4CD2B5FD00B0072A436 /* AuthService.swift in Sources */ = {isa = PBXBuildFile; fileRef = F36AF4CC2B5FD00B0072A436 /* AuthService.swift */; };
		F36AF4CF2B5FD0860072A436 /* FirebaseAnalytics in Frameworks */ = {isa = PBXBuildFile; productRef = F36AF4CE2B5FD0860072A436 /* FirebaseAnalytics */; };
		F36AF4D12B5FD0860072A436 /* FirebaseAnalyticsOnDeviceConversion in Frameworks */ = {isa = PBXBuildFile; productRef = F36AF4D02B5FD0860072A436 /* FirebaseAnalyticsOnDeviceConversion */; };
		F36AF4D32B5FD0860072A436 /* FirebaseAnalyticsSwift in Frameworks */ = {isa = PBXBuildFile; productRef = F36AF4D22B5FD0860072A436 /* FirebaseAnalyticsSwift */; };
		F36AF4D52B5FD0860072A436 /* FirebaseAnalyticsWithoutAdIdSupport in Frameworks */ = {isa = PBXBuildFile; productRef = F36AF4D42B5FD0860072A436 /* FirebaseAnalyticsWithoutAdIdSupport */; };
		F36AF4D72B5FD0860072A436 /* FirebaseAppCheck in Frameworks */ = {isa = PBXBuildFile; productRef = F36AF4D62B5FD0860072A436 /* FirebaseAppCheck */; };
		F36AF4D92B5FD0860072A436 /* FirebaseAppDistribution-Beta in Frameworks */ = {isa = PBXBuildFile; productRef = F36AF4D82B5FD0860072A436 /* FirebaseAppDistribution-Beta */; };
		F36AF4DB2B5FD0860072A436 /* FirebaseAuth in Frameworks */ = {isa = PBXBuildFile; productRef = F36AF4DA2B5FD0860072A436 /* FirebaseAuth */; };
		F36AF4DD2B5FD0860072A436 /* FirebaseAuthCombine-Community in Frameworks */ = {isa = PBXBuildFile; productRef = F36AF4DC2B5FD0860072A436 /* FirebaseAuthCombine-Community */; };
		F36AF4DF2B5FD0860072A436 /* FirebaseCrashlytics in Frameworks */ = {isa = PBXBuildFile; productRef = F36AF4DE2B5FD0860072A436 /* FirebaseCrashlytics */; };
		F36AF4E12B5FD0860072A436 /* FirebaseDatabase in Frameworks */ = {isa = PBXBuildFile; productRef = F36AF4E02B5FD0860072A436 /* FirebaseDatabase */; };
		F36AF4E32B5FD0860072A436 /* FirebaseDatabaseSwift in Frameworks */ = {isa = PBXBuildFile; productRef = F36AF4E22B5FD0860072A436 /* FirebaseDatabaseSwift */; };
		F36AF4E52B5FD0860072A436 /* FirebaseDynamicLinks in Frameworks */ = {isa = PBXBuildFile; productRef = F36AF4E42B5FD0860072A436 /* FirebaseDynamicLinks */; };
		F36AF4E72B5FD0860072A436 /* FirebaseFirestore in Frameworks */ = {isa = PBXBuildFile; productRef = F36AF4E62B5FD0860072A436 /* FirebaseFirestore */; };
		F36AF4E92B5FD0860072A436 /* FirebaseFirestoreCombine-Community in Frameworks */ = {isa = PBXBuildFile; productRef = F36AF4E82B5FD0860072A436 /* FirebaseFirestoreCombine-Community */; };
		F36AF4EB2B5FD0860072A436 /* FirebaseFirestoreSwift in Frameworks */ = {isa = PBXBuildFile; productRef = F36AF4EA2B5FD0860072A436 /* FirebaseFirestoreSwift */; };
		F36AF4ED2B5FD0860072A436 /* FirebaseFunctions in Frameworks */ = {isa = PBXBuildFile; productRef = F36AF4EC2B5FD0860072A436 /* FirebaseFunctions */; };
		F36AF4EF2B5FD0860072A436 /* FirebaseFunctionsCombine-Community in Frameworks */ = {isa = PBXBuildFile; productRef = F36AF4EE2B5FD0860072A436 /* FirebaseFunctionsCombine-Community */; };
		F36AF4F12B5FD0860072A436 /* FirebaseInAppMessaging-Beta in Frameworks */ = {isa = PBXBuildFile; productRef = F36AF4F02B5FD0860072A436 /* FirebaseInAppMessaging-Beta */; };
		F36AF4F32B5FD0860072A436 /* FirebaseInAppMessagingSwift-Beta in Frameworks */ = {isa = PBXBuildFile; productRef = F36AF4F22B5FD0860072A436 /* FirebaseInAppMessagingSwift-Beta */; };
		F36AF4F52B5FD0860072A436 /* FirebaseInstallations in Frameworks */ = {isa = PBXBuildFile; productRef = F36AF4F42B5FD0860072A436 /* FirebaseInstallations */; };
		F36AF4F72B5FD0860072A436 /* FirebaseMLModelDownloader in Frameworks */ = {isa = PBXBuildFile; productRef = F36AF4F62B5FD0860072A436 /* FirebaseMLModelDownloader */; };
		F36AF4F92B5FD0860072A436 /* FirebaseMessaging in Frameworks */ = {isa = PBXBuildFile; productRef = F36AF4F82B5FD0860072A436 /* FirebaseMessaging */; };
		F36AF4FB2B5FD0860072A436 /* FirebasePerformance in Frameworks */ = {isa = PBXBuildFile; productRef = F36AF4FA2B5FD0860072A436 /* FirebasePerformance */; };
		F36AF4FD2B5FD0860072A436 /* FirebaseRemoteConfig in Frameworks */ = {isa = PBXBuildFile; productRef = F36AF4FC2B5FD0860072A436 /* FirebaseRemoteConfig */; };
		F36AF4FF2B5FD0860072A436 /* FirebaseRemoteConfigSwift in Frameworks */ = {isa = PBXBuildFile; productRef = F36AF4FE2B5FD0860072A436 /* FirebaseRemoteConfigSwift */; };
		F36AF5012B5FD0860072A436 /* FirebaseStorage in Frameworks */ = {isa = PBXBuildFile; productRef = F36AF5002B5FD0860072A436 /* FirebaseStorage */; };
		F36AF5032B5FD0860072A436 /* FirebaseStorageCombine-Community in Frameworks */ = {isa = PBXBuildFile; productRef = F36AF5022B5FD0860072A436 /* FirebaseStorageCombine-Community */; };
		F36AF5052B5FD3D00072A436 /* RegistrationViewModel.swift in Sources */ = {isa = PBXBuildFile; fileRef = F36AF5042B5FD3D00072A436 /* RegistrationViewModel.swift */; };
		F375FF032B5FDAF000FD5F28 /* GoogleService-Info.plist in Resources */ = {isa = PBXBuildFile; fileRef = F375FF022B5FDAF000FD5F28 /* GoogleService-Info.plist */; };
		F3A7E8C92B5D3D0400A0617E /* RegistrationView.swift in Sources */ = {isa = PBXBuildFile; fileRef = F3A7E8C82B5D3D0400A0617E /* RegistrationView.swift */; };
		F3C41EBD2B64566900B4C882 /* RecipeTabView.swift in Sources */ = {isa = PBXBuildFile; fileRef = F3C41EBC2B64566900B4C882 /* RecipeTabView.swift */; };
		F3C41EC02B645D2800B4C882 /* ContentViewModel.swift in Sources */ = {isa = PBXBuildFile; fileRef = F3C41EBF2B645D2800B4C882 /* ContentViewModel.swift */; };
		F3C41EC22B645FDD00B4C882 /* FirebaseAnalytics in Frameworks */ = {isa = PBXBuildFile; productRef = F3C41EC12B645FDD00B4C882 /* FirebaseAnalytics */; };
		F3C41EC42B645FDD00B4C882 /* FirebaseAnalyticsOnDeviceConversion in Frameworks */ = {isa = PBXBuildFile; productRef = F3C41EC32B645FDD00B4C882 /* FirebaseAnalyticsOnDeviceConversion */; };
		F3C41EC62B645FDD00B4C882 /* FirebaseAnalyticsSwift in Frameworks */ = {isa = PBXBuildFile; productRef = F3C41EC52B645FDD00B4C882 /* FirebaseAnalyticsSwift */; };
		F3C41EC82B645FDD00B4C882 /* FirebaseAnalyticsWithoutAdIdSupport in Frameworks */ = {isa = PBXBuildFile; productRef = F3C41EC72B645FDD00B4C882 /* FirebaseAnalyticsWithoutAdIdSupport */; };
		F3C41ECA2B645FDD00B4C882 /* FirebaseAppCheck in Frameworks */ = {isa = PBXBuildFile; productRef = F3C41EC92B645FDD00B4C882 /* FirebaseAppCheck */; };
		F3C41ECC2B645FDD00B4C882 /* FirebaseAppDistribution-Beta in Frameworks */ = {isa = PBXBuildFile; productRef = F3C41ECB2B645FDD00B4C882 /* FirebaseAppDistribution-Beta */; };
		F3C41ECE2B645FDD00B4C882 /* FirebaseAuth in Frameworks */ = {isa = PBXBuildFile; productRef = F3C41ECD2B645FDD00B4C882 /* FirebaseAuth */; };
		F3C41ED02B645FDD00B4C882 /* FirebaseAuthCombine-Community in Frameworks */ = {isa = PBXBuildFile; productRef = F3C41ECF2B645FDD00B4C882 /* FirebaseAuthCombine-Community */; };
		F3C41ED22B645FDD00B4C882 /* FirebaseCrashlytics in Frameworks */ = {isa = PBXBuildFile; productRef = F3C41ED12B645FDD00B4C882 /* FirebaseCrashlytics */; };
		F3C41ED42B645FDD00B4C882 /* FirebaseDatabase in Frameworks */ = {isa = PBXBuildFile; productRef = F3C41ED32B645FDD00B4C882 /* FirebaseDatabase */; };
		F3C41ED62B645FDD00B4C882 /* FirebaseDatabaseSwift in Frameworks */ = {isa = PBXBuildFile; productRef = F3C41ED52B645FDD00B4C882 /* FirebaseDatabaseSwift */; };
		F3C41ED82B645FDD00B4C882 /* FirebaseDynamicLinks in Frameworks */ = {isa = PBXBuildFile; productRef = F3C41ED72B645FDD00B4C882 /* FirebaseDynamicLinks */; };
		F3C41EDA2B645FDD00B4C882 /* FirebaseFirestore in Frameworks */ = {isa = PBXBuildFile; productRef = F3C41ED92B645FDD00B4C882 /* FirebaseFirestore */; };
		F3C41EDC2B645FDD00B4C882 /* FirebaseFirestoreCombine-Community in Frameworks */ = {isa = PBXBuildFile; productRef = F3C41EDB2B645FDD00B4C882 /* FirebaseFirestoreCombine-Community */; };
		F3C41EDE2B645FDD00B4C882 /* FirebaseFirestoreSwift in Frameworks */ = {isa = PBXBuildFile; productRef = F3C41EDD2B645FDD00B4C882 /* FirebaseFirestoreSwift */; };
		F3C41EE02B645FDD00B4C882 /* FirebaseFunctions in Frameworks */ = {isa = PBXBuildFile; productRef = F3C41EDF2B645FDD00B4C882 /* FirebaseFunctions */; };
		F3C41EE22B645FDD00B4C882 /* FirebaseFunctionsCombine-Community in Frameworks */ = {isa = PBXBuildFile; productRef = F3C41EE12B645FDD00B4C882 /* FirebaseFunctionsCombine-Community */; };
		F3C41EE42B645FDD00B4C882 /* FirebaseInAppMessaging-Beta in Frameworks */ = {isa = PBXBuildFile; productRef = F3C41EE32B645FDD00B4C882 /* FirebaseInAppMessaging-Beta */; };
		F3C41EE62B645FDD00B4C882 /* FirebaseInAppMessagingSwift-Beta in Frameworks */ = {isa = PBXBuildFile; productRef = F3C41EE52B645FDD00B4C882 /* FirebaseInAppMessagingSwift-Beta */; };
		F3C41EE82B645FDD00B4C882 /* FirebaseInstallations in Frameworks */ = {isa = PBXBuildFile; productRef = F3C41EE72B645FDD00B4C882 /* FirebaseInstallations */; };
		F3C41EEA2B645FDD00B4C882 /* FirebaseMLModelDownloader in Frameworks */ = {isa = PBXBuildFile; productRef = F3C41EE92B645FDD00B4C882 /* FirebaseMLModelDownloader */; };
		F3C41EEC2B645FDD00B4C882 /* FirebaseMessaging in Frameworks */ = {isa = PBXBuildFile; productRef = F3C41EEB2B645FDD00B4C882 /* FirebaseMessaging */; };
		F3C41EEE2B645FDD00B4C882 /* FirebasePerformance in Frameworks */ = {isa = PBXBuildFile; productRef = F3C41EED2B645FDD00B4C882 /* FirebasePerformance */; };
		F3C41EF02B645FDD00B4C882 /* FirebaseRemoteConfig in Frameworks */ = {isa = PBXBuildFile; productRef = F3C41EEF2B645FDD00B4C882 /* FirebaseRemoteConfig */; };
		F3C41EF22B645FDD00B4C882 /* FirebaseRemoteConfigSwift in Frameworks */ = {isa = PBXBuildFile; productRef = F3C41EF12B645FDD00B4C882 /* FirebaseRemoteConfigSwift */; };
		F3C41EF42B645FDD00B4C882 /* FirebaseStorage in Frameworks */ = {isa = PBXBuildFile; productRef = F3C41EF32B645FDD00B4C882 /* FirebaseStorage */; };
		F3C41EF62B645FDD00B4C882 /* FirebaseStorageCombine-Community in Frameworks */ = {isa = PBXBuildFile; productRef = F3C41EF52B645FDD00B4C882 /* FirebaseStorageCombine-Community */; };
		F3C41EF82B64609E00B4C882 /* FirebaseAnalytics in Frameworks */ = {isa = PBXBuildFile; productRef = F3C41EF72B64609E00B4C882 /* FirebaseAnalytics */; };
		F3C41EFA2B64609E00B4C882 /* FirebaseAnalyticsOnDeviceConversion in Frameworks */ = {isa = PBXBuildFile; productRef = F3C41EF92B64609E00B4C882 /* FirebaseAnalyticsOnDeviceConversion */; };
		F3C41EFC2B64609E00B4C882 /* FirebaseAnalyticsSwift in Frameworks */ = {isa = PBXBuildFile; productRef = F3C41EFB2B64609E00B4C882 /* FirebaseAnalyticsSwift */; };
		F3C41EFE2B64609E00B4C882 /* FirebaseAnalyticsWithoutAdIdSupport in Frameworks */ = {isa = PBXBuildFile; productRef = F3C41EFD2B64609E00B4C882 /* FirebaseAnalyticsWithoutAdIdSupport */; };
		F3C41F002B64609E00B4C882 /* FirebaseAppCheck in Frameworks */ = {isa = PBXBuildFile; productRef = F3C41EFF2B64609E00B4C882 /* FirebaseAppCheck */; };
		F3C41F022B64609E00B4C882 /* FirebaseAppDistribution-Beta in Frameworks */ = {isa = PBXBuildFile; productRef = F3C41F012B64609E00B4C882 /* FirebaseAppDistribution-Beta */; };
		F3C41F042B64609E00B4C882 /* FirebaseAuthCombine-Community in Frameworks */ = {isa = PBXBuildFile; productRef = F3C41F032B64609E00B4C882 /* FirebaseAuthCombine-Community */; };
		F3C41F062B64609E00B4C882 /* FirebaseCrashlytics in Frameworks */ = {isa = PBXBuildFile; productRef = F3C41F052B64609E00B4C882 /* FirebaseCrashlytics */; };
		F3C41F082B64609E00B4C882 /* FirebaseDatabase in Frameworks */ = {isa = PBXBuildFile; productRef = F3C41F072B64609E00B4C882 /* FirebaseDatabase */; };
		F3C41F0A2B64609E00B4C882 /* FirebaseDatabaseSwift in Frameworks */ = {isa = PBXBuildFile; productRef = F3C41F092B64609E00B4C882 /* FirebaseDatabaseSwift */; };
		F3C41F0C2B6460C400B4C882 /* FirebaseAnalytics in Frameworks */ = {isa = PBXBuildFile; productRef = F3C41F0B2B6460C400B4C882 /* FirebaseAnalytics */; };
		F3C41F0E2B6460C400B4C882 /* FirebaseAnalyticsOnDeviceConversion in Frameworks */ = {isa = PBXBuildFile; productRef = F3C41F0D2B6460C400B4C882 /* FirebaseAnalyticsOnDeviceConversion */; };
		F3C41F102B6460C400B4C882 /* FirebaseAnalyticsSwift in Frameworks */ = {isa = PBXBuildFile; productRef = F3C41F0F2B6460C400B4C882 /* FirebaseAnalyticsSwift */; };
		F3C41F122B6460C400B4C882 /* FirebaseAnalyticsWithoutAdIdSupport in Frameworks */ = {isa = PBXBuildFile; productRef = F3C41F112B6460C400B4C882 /* FirebaseAnalyticsWithoutAdIdSupport */; };
		F3C41F142B6460C400B4C882 /* FirebaseAppCheck in Frameworks */ = {isa = PBXBuildFile; productRef = F3C41F132B6460C400B4C882 /* FirebaseAppCheck */; };
		F3C41F162B6460C400B4C882 /* FirebaseAppDistribution-Beta in Frameworks */ = {isa = PBXBuildFile; productRef = F3C41F152B6460C400B4C882 /* FirebaseAppDistribution-Beta */; };
		F3C41F182B6460C400B4C882 /* FirebaseAuth in Frameworks */ = {isa = PBXBuildFile; productRef = F3C41F172B6460C400B4C882 /* FirebaseAuth */; };
		F3C41F1A2B6460C400B4C882 /* FirebaseAuthCombine-Community in Frameworks */ = {isa = PBXBuildFile; productRef = F3C41F192B6460C400B4C882 /* FirebaseAuthCombine-Community */; };
		F3C41F1C2B6460C400B4C882 /* FirebaseCrashlytics in Frameworks */ = {isa = PBXBuildFile; productRef = F3C41F1B2B6460C400B4C882 /* FirebaseCrashlytics */; };
		F3C41F1E2B6460C400B4C882 /* FirebaseDatabase in Frameworks */ = {isa = PBXBuildFile; productRef = F3C41F1D2B6460C400B4C882 /* FirebaseDatabase */; };
		F3C41F202B6460C400B4C882 /* FirebaseDatabaseSwift in Frameworks */ = {isa = PBXBuildFile; productRef = F3C41F1F2B6460C400B4C882 /* FirebaseDatabaseSwift */; };
		F3C41F222B6460C400B4C882 /* FirebaseDynamicLinks in Frameworks */ = {isa = PBXBuildFile; productRef = F3C41F212B6460C400B4C882 /* FirebaseDynamicLinks */; };
		F3C41F242B6460C400B4C882 /* FirebaseFirestore in Frameworks */ = {isa = PBXBuildFile; productRef = F3C41F232B6460C400B4C882 /* FirebaseFirestore */; };
		F3C41F262B6460C400B4C882 /* FirebaseFirestoreCombine-Community in Frameworks */ = {isa = PBXBuildFile; productRef = F3C41F252B6460C400B4C882 /* FirebaseFirestoreCombine-Community */; };
		F3C41F282B6460C400B4C882 /* FirebaseFirestoreSwift in Frameworks */ = {isa = PBXBuildFile; productRef = F3C41F272B6460C400B4C882 /* FirebaseFirestoreSwift */; };
		F3C41F2A2B6460C400B4C882 /* FirebaseFunctions in Frameworks */ = {isa = PBXBuildFile; productRef = F3C41F292B6460C400B4C882 /* FirebaseFunctions */; };
		F3C41F2C2B6460C400B4C882 /* FirebaseFunctionsCombine-Community in Frameworks */ = {isa = PBXBuildFile; productRef = F3C41F2B2B6460C400B4C882 /* FirebaseFunctionsCombine-Community */; };
		F3C41F2E2B6460C400B4C882 /* FirebaseInAppMessaging-Beta in Frameworks */ = {isa = PBXBuildFile; productRef = F3C41F2D2B6460C400B4C882 /* FirebaseInAppMessaging-Beta */; };
		F3C41F302B6460C400B4C882 /* FirebaseInAppMessagingSwift-Beta in Frameworks */ = {isa = PBXBuildFile; productRef = F3C41F2F2B6460C400B4C882 /* FirebaseInAppMessagingSwift-Beta */; };
		F3C41F322B6460C400B4C882 /* FirebaseInstallations in Frameworks */ = {isa = PBXBuildFile; productRef = F3C41F312B6460C400B4C882 /* FirebaseInstallations */; };
		F3C41F342B6460C400B4C882 /* FirebaseMLModelDownloader in Frameworks */ = {isa = PBXBuildFile; productRef = F3C41F332B6460C400B4C882 /* FirebaseMLModelDownloader */; };
		F3C41F362B6460C400B4C882 /* FirebaseMessaging in Frameworks */ = {isa = PBXBuildFile; productRef = F3C41F352B6460C400B4C882 /* FirebaseMessaging */; };
		F3C41F382B6460C400B4C882 /* FirebasePerformance in Frameworks */ = {isa = PBXBuildFile; productRef = F3C41F372B6460C400B4C882 /* FirebasePerformance */; };
		F3C41F3A2B6460C400B4C882 /* FirebaseRemoteConfig in Frameworks */ = {isa = PBXBuildFile; productRef = F3C41F392B6460C400B4C882 /* FirebaseRemoteConfig */; };
		F3C41F3C2B6460C400B4C882 /* FirebaseRemoteConfigSwift in Frameworks */ = {isa = PBXBuildFile; productRef = F3C41F3B2B6460C400B4C882 /* FirebaseRemoteConfigSwift */; };
		F3C41F3E2B6460C400B4C882 /* FirebaseStorage in Frameworks */ = {isa = PBXBuildFile; productRef = F3C41F3D2B6460C400B4C882 /* FirebaseStorage */; };
		F3C41F402B6460C400B4C882 /* FirebaseStorageCombine-Community in Frameworks */ = {isa = PBXBuildFile; productRef = F3C41F3F2B6460C400B4C882 /* FirebaseStorageCombine-Community */; };
		F3C9EBC52B64FF0700C7B265 /* ProfileView.swift in Sources */ = {isa = PBXBuildFile; fileRef = F3C9EBC42B64FF0700C7B265 /* ProfileView.swift */; };
		F3E76D1B2B5BD970004CC07D /* RecipeDemoApp.swift in Sources */ = {isa = PBXBuildFile; fileRef = F3E76D1A2B5BD970004CC07D /* RecipeDemoApp.swift */; };
		F3E76D1D2B5BD970004CC07D /* ContentView.swift in Sources */ = {isa = PBXBuildFile; fileRef = F3E76D1C2B5BD970004CC07D /* ContentView.swift */; };
		F3E76D1F2B5BD972004CC07D /* Assets.xcassets in Resources */ = {isa = PBXBuildFile; fileRef = F3E76D1E2B5BD972004CC07D /* Assets.xcassets */; };
		F3E76D222B5BD972004CC07D /* Preview Assets.xcassets in Resources */ = {isa = PBXBuildFile; fileRef = F3E76D212B5BD972004CC07D /* Preview Assets.xcassets */; };
		F3E76D292B5BDCEA004CC07D /* RoundedColorButton.swift in Sources */ = {isa = PBXBuildFile; fileRef = F3E76D282B5BDCEA004CC07D /* RoundedColorButton.swift */; };
		F3E76D2B2B5BE23C004CC07D /* LoginView.swift in Sources */ = {isa = PBXBuildFile; fileRef = F3E76D2A2B5BE23C004CC07D /* LoginView.swift */; };
		F3E76D2D2B5BE469004CC07D /* TextViewModifier.swift in Sources */ = {isa = PBXBuildFile; fileRef = F3E76D2C2B5BE469004CC07D /* TextViewModifier.swift */; };
/* End PBXBuildFile section */

/* Begin PBXFileReference section */
		F36AF4CC2B5FD00B0072A436 /* AuthService.swift */ = {isa = PBXFileReference; lastKnownFileType = sourcecode.swift; path = AuthService.swift; sourceTree = "<group>"; };
		F36AF5042B5FD3D00072A436 /* RegistrationViewModel.swift */ = {isa = PBXFileReference; lastKnownFileType = sourcecode.swift; path = RegistrationViewModel.swift; sourceTree = "<group>"; };
		F375FF022B5FDAF000FD5F28 /* GoogleService-Info.plist */ = {isa = PBXFileReference; fileEncoding = 4; lastKnownFileType = text.plist.xml; path = "GoogleService-Info.plist"; sourceTree = "<group>"; };
		F3A7E8C82B5D3D0400A0617E /* RegistrationView.swift */ = {isa = PBXFileReference; lastKnownFileType = sourcecode.swift; path = RegistrationView.swift; sourceTree = "<group>"; };
		F3C41EBC2B64566900B4C882 /* RecipeTabView.swift */ = {isa = PBXFileReference; lastKnownFileType = sourcecode.swift; path = RecipeTabView.swift; sourceTree = "<group>"; };
		F3C41EBF2B645D2800B4C882 /* ContentViewModel.swift */ = {isa = PBXFileReference; lastKnownFileType = sourcecode.swift; path = ContentViewModel.swift; sourceTree = "<group>"; };
		F3C9EBC42B64FF0700C7B265 /* ProfileView.swift */ = {isa = PBXFileReference; lastKnownFileType = sourcecode.swift; path = ProfileView.swift; sourceTree = "<group>"; };
		F3E76D172B5BD970004CC07D /* RecipeDemo.app */ = {isa = PBXFileReference; explicitFileType = wrapper.application; includeInIndex = 0; path = RecipeDemo.app; sourceTree = BUILT_PRODUCTS_DIR; };
		F3E76D1A2B5BD970004CC07D /* RecipeDemoApp.swift */ = {isa = PBXFileReference; lastKnownFileType = sourcecode.swift; path = RecipeDemoApp.swift; sourceTree = "<group>"; };
		F3E76D1C2B5BD970004CC07D /* ContentView.swift */ = {isa = PBXFileReference; lastKnownFileType = sourcecode.swift; path = ContentView.swift; sourceTree = "<group>"; };
		F3E76D1E2B5BD972004CC07D /* Assets.xcassets */ = {isa = PBXFileReference; lastKnownFileType = folder.assetcatalog; path = Assets.xcassets; sourceTree = "<group>"; };
		F3E76D212B5BD972004CC07D /* Preview Assets.xcassets */ = {isa = PBXFileReference; lastKnownFileType = folder.assetcatalog; path = "Preview Assets.xcassets"; sourceTree = "<group>"; };
		F3E76D282B5BDCEA004CC07D /* RoundedColorButton.swift */ = {isa = PBXFileReference; lastKnownFileType = sourcecode.swift; path = RoundedColorButton.swift; sourceTree = "<group>"; };
		F3E76D2A2B5BE23C004CC07D /* LoginView.swift */ = {isa = PBXFileReference; lastKnownFileType = sourcecode.swift; path = LoginView.swift; sourceTree = "<group>"; };
		F3E76D2C2B5BE469004CC07D /* TextViewModifier.swift */ = {isa = PBXFileReference; lastKnownFileType = sourcecode.swift; path = TextViewModifier.swift; sourceTree = "<group>"; };
/* End PBXFileReference section */

/* Begin PBXFrameworksBuildPhase section */
		F3E76D142B5BD970004CC07D /* Frameworks */ = {
			isa = PBXFrameworksBuildPhase;
			buildActionMask = 2147483647;
			files = (
				F3C41EEC2B645FDD00B4C882 /* FirebaseMessaging in Frameworks */,
				F36AF4F92B5FD0860072A436 /* FirebaseMessaging in Frameworks */,
				F3C41EE62B645FDD00B4C882 /* FirebaseInAppMessagingSwift-Beta in Frameworks */,
				F3C41EC42B645FDD00B4C882 /* FirebaseAnalyticsOnDeviceConversion in Frameworks */,
				F3C41F142B6460C400B4C882 /* FirebaseAppCheck in Frameworks */,
				F36AF4E92B5FD0860072A436 /* FirebaseFirestoreCombine-Community in Frameworks */,
				F36AF4E12B5FD0860072A436 /* FirebaseDatabase in Frameworks */,
				F3C41EFC2B64609E00B4C882 /* FirebaseAnalyticsSwift in Frameworks */,
				F3C41ECA2B645FDD00B4C882 /* FirebaseAppCheck in Frameworks */,
				F3C41F1C2B6460C400B4C882 /* FirebaseCrashlytics in Frameworks */,
				F3C41F402B6460C400B4C882 /* FirebaseStorageCombine-Community in Frameworks */,
				F3C41EC62B645FDD00B4C882 /* FirebaseAnalyticsSwift in Frameworks */,
				F36AF4C62B5FCD230072A436 /* FirebaseAnalyticsSwift in Frameworks */,
				F3C41F3A2B6460C400B4C882 /* FirebaseRemoteConfig in Frameworks */,
				F36AF5012B5FD0860072A436 /* FirebaseStorage in Frameworks */,
				F3C41EC82B645FDD00B4C882 /* FirebaseAnalyticsWithoutAdIdSupport in Frameworks */,
				F3C41F2E2B6460C400B4C882 /* FirebaseInAppMessaging-Beta in Frameworks */,
				F3C41EF42B645FDD00B4C882 /* FirebaseStorage in Frameworks */,
				F3C41EF62B645FDD00B4C882 /* FirebaseStorageCombine-Community in Frameworks */,
				F3C41F0E2B6460C400B4C882 /* FirebaseAnalyticsOnDeviceConversion in Frameworks */,
				F3C41F2A2B6460C400B4C882 /* FirebaseFunctions in Frameworks */,
				F36AF4C22B5FCD230072A436 /* FirebaseAnalytics in Frameworks */,
				F3C41ECE2B645FDD00B4C882 /* FirebaseAuth in Frameworks */,
				F36AF4CF2B5FD0860072A436 /* FirebaseAnalytics in Frameworks */,
				F3C41ED42B645FDD00B4C882 /* FirebaseDatabase in Frameworks */,
				F36AF4DF2B5FD0860072A436 /* FirebaseCrashlytics in Frameworks */,
				F3C41EE82B645FDD00B4C882 /* FirebaseInstallations in Frameworks */,
				F36AF4E72B5FD0860072A436 /* FirebaseFirestore in Frameworks */,
				F3C41F122B6460C400B4C882 /* FirebaseAnalyticsWithoutAdIdSupport in Frameworks */,
				F3C41F3E2B6460C400B4C882 /* FirebaseStorage in Frameworks */,
				F36AF4E52B5FD0860072A436 /* FirebaseDynamicLinks in Frameworks */,
				F36AF5032B5FD0860072A436 /* FirebaseStorageCombine-Community in Frameworks */,
				F3C41ED62B645FDD00B4C882 /* FirebaseDatabaseSwift in Frameworks */,
				F3C41EF22B645FDD00B4C882 /* FirebaseRemoteConfigSwift in Frameworks */,
				F3C41F062B64609E00B4C882 /* FirebaseCrashlytics in Frameworks */,
				F3C41EFE2B64609E00B4C882 /* FirebaseAnalyticsWithoutAdIdSupport in Frameworks */,
				F36AF4D12B5FD0860072A436 /* FirebaseAnalyticsOnDeviceConversion in Frameworks */,
				F3C41F0C2B6460C400B4C882 /* FirebaseAnalytics in Frameworks */,
				F3C41EEE2B645FDD00B4C882 /* FirebasePerformance in Frameworks */,
				F3C41F1E2B6460C400B4C882 /* FirebaseDatabase in Frameworks */,
				F36AF4EF2B5FD0860072A436 /* FirebaseFunctionsCombine-Community in Frameworks */,
				F36AF4F32B5FD0860072A436 /* FirebaseInAppMessagingSwift-Beta in Frameworks */,
				F36AF4F72B5FD0860072A436 /* FirebaseMLModelDownloader in Frameworks */,
				F36AF4F12B5FD0860072A436 /* FirebaseInAppMessaging-Beta in Frameworks */,
				F3C41EDA2B645FDD00B4C882 /* FirebaseFirestore in Frameworks */,
				F3C41F202B6460C400B4C882 /* FirebaseDatabaseSwift in Frameworks */,
				F3C41F102B6460C400B4C882 /* FirebaseAnalyticsSwift in Frameworks */,
				F3C41ED82B645FDD00B4C882 /* FirebaseDynamicLinks in Frameworks */,
				F3C41F262B6460C400B4C882 /* FirebaseFirestoreCombine-Community in Frameworks */,
				F3C41EDE2B645FDD00B4C882 /* FirebaseFirestoreSwift in Frameworks */,
				F36AF4FB2B5FD0860072A436 /* FirebasePerformance in Frameworks */,
				F3C41EF02B645FDD00B4C882 /* FirebaseRemoteConfig in Frameworks */,
				F3C41EE02B645FDD00B4C882 /* FirebaseFunctions in Frameworks */,
				F3C41EE22B645FDD00B4C882 /* FirebaseFunctionsCombine-Community in Frameworks */,
				F3C41F322B6460C400B4C882 /* FirebaseInstallations in Frameworks */,
				F3C41EE42B645FDD00B4C882 /* FirebaseInAppMessaging-Beta in Frameworks */,
				F3C41EF82B64609E00B4C882 /* FirebaseAnalytics in Frameworks */,
				F3C41EC22B645FDD00B4C882 /* FirebaseAnalytics in Frameworks */,
				F3C41F242B6460C400B4C882 /* FirebaseFirestore in Frameworks */,
				F3C41F022B64609E00B4C882 /* FirebaseAppDistribution-Beta in Frameworks */,
				F36AF4DD2B5FD0860072A436 /* FirebaseAuthCombine-Community in Frameworks */,
				F36AF4D32B5FD0860072A436 /* FirebaseAnalyticsSwift in Frameworks */,
				F3C41F182B6460C400B4C882 /* FirebaseAuth in Frameworks */,
				F36AF4E32B5FD0860072A436 /* FirebaseDatabaseSwift in Frameworks */,
				F36AF4C42B5FCD230072A436 /* FirebaseAnalyticsOnDeviceConversion in Frameworks */,
				F3C41F282B6460C400B4C882 /* FirebaseFirestoreSwift in Frameworks */,
				F3C41F2C2B6460C400B4C882 /* FirebaseFunctionsCombine-Community in Frameworks */,
				F36AF4FD2B5FD0860072A436 /* FirebaseRemoteConfig in Frameworks */,
				F36AF4CA2B5FCD230072A436 /* FirebaseAppCheck in Frameworks */,
				F3C41F002B64609E00B4C882 /* FirebaseAppCheck in Frameworks */,
				F3C41F302B6460C400B4C882 /* FirebaseInAppMessagingSwift-Beta in Frameworks */,
				F36AF4DB2B5FD0860072A436 /* FirebaseAuth in Frameworks */,
				F36AF4ED2B5FD0860072A436 /* FirebaseFunctions in Frameworks */,
				F3C41ED22B645FDD00B4C882 /* FirebaseCrashlytics in Frameworks */,
				F36AF4F52B5FD0860072A436 /* FirebaseInstallations in Frameworks */,
				F3C41F1A2B6460C400B4C882 /* FirebaseAuthCombine-Community in Frameworks */,
				F3C41EDC2B645FDD00B4C882 /* FirebaseFirestoreCombine-Community in Frameworks */,
				F3C41ECC2B645FDD00B4C882 /* FirebaseAppDistribution-Beta in Frameworks */,
				F3C41F162B6460C400B4C882 /* FirebaseAppDistribution-Beta in Frameworks */,
				F3C41F222B6460C400B4C882 /* FirebaseDynamicLinks in Frameworks */,
				F3C41F0A2B64609E00B4C882 /* FirebaseDatabaseSwift in Frameworks */,
				F36AF4EB2B5FD0860072A436 /* FirebaseFirestoreSwift in Frameworks */,
				F3C41F082B64609E00B4C882 /* FirebaseDatabase in Frameworks */,
				F3C41F3C2B6460C400B4C882 /* FirebaseRemoteConfigSwift in Frameworks */,
				F3C41EEA2B645FDD00B4C882 /* FirebaseMLModelDownloader in Frameworks */,
				F36AF4D52B5FD0860072A436 /* FirebaseAnalyticsWithoutAdIdSupport in Frameworks */,
				F3C41EFA2B64609E00B4C882 /* FirebaseAnalyticsOnDeviceConversion in Frameworks */,
				F36AF4D72B5FD0860072A436 /* FirebaseAppCheck in Frameworks */,
				F3C41F042B64609E00B4C882 /* FirebaseAuthCombine-Community in Frameworks */,
				F36AF4FF2B5FD0860072A436 /* FirebaseRemoteConfigSwift in Frameworks */,
				F3C41F382B6460C400B4C882 /* FirebasePerformance in Frameworks */,
				F3C41F362B6460C400B4C882 /* FirebaseMessaging in Frameworks */,
				F36AF4D92B5FD0860072A436 /* FirebaseAppDistribution-Beta in Frameworks */,
				F3C41F342B6460C400B4C882 /* FirebaseMLModelDownloader in Frameworks */,
				F36AF4C82B5FCD230072A436 /* FirebaseAnalyticsWithoutAdIdSupport in Frameworks */,
				F3C41ED02B645FDD00B4C882 /* FirebaseAuthCombine-Community in Frameworks */,
			);
			runOnlyForDeploymentPostprocessing = 0;
		};
/* End PBXFrameworksBuildPhase section */

/* Begin PBXGroup section */
		F36AF4CB2B5FCFF40072A436 /* Authentication */ = {
			isa = PBXGroup;
			children = (
				F36AF4CC2B5FD00B0072A436 /* AuthService.swift */,
				F36AF5042B5FD3D00072A436 /* RegistrationViewModel.swift */,
			);
			path = Authentication;
			sourceTree = "<group>";
		};
		F3C41EBE2B645D1300B4C882 /* Root */ = {
			isa = PBXGroup;
			children = (
				F3C41EBF2B645D2800B4C882 /* ContentViewModel.swift */,
			);
			path = Root;
			sourceTree = "<group>";
		};
		F3E76D0E2B5BD970004CC07D = {
			isa = PBXGroup;
			children = (
				F3E76D192B5BD970004CC07D /* RecipeDemo */,
				F3E76D182B5BD970004CC07D /* Products */,
			);
			sourceTree = "<group>";
		};
		F3E76D182B5BD970004CC07D /* Products */ = {
			isa = PBXGroup;
			children = (
				F3E76D172B5BD970004CC07D /* RecipeDemo.app */,
			);
			name = Products;
			sourceTree = "<group>";
		};
		F3E76D192B5BD970004CC07D /* RecipeDemo */ = {
			isa = PBXGroup;
			children = (
				F3C41EBE2B645D1300B4C882 /* Root */,
				F36AF4CB2B5FCFF40072A436 /* Authentication */,
				F3E76D1A2B5BD970004CC07D /* RecipeDemoApp.swift */,
				F3E76D1C2B5BD970004CC07D /* ContentView.swift */,
				F3E76D1E2B5BD972004CC07D /* Assets.xcassets */,
				F3E76D202B5BD972004CC07D /* Preview Content */,
				F3E76D282B5BDCEA004CC07D /* RoundedColorButton.swift */,
				F3E76D2A2B5BE23C004CC07D /* LoginView.swift */,
				F3E76D2C2B5BE469004CC07D /* TextViewModifier.swift */,
				F3A7E8C82B5D3D0400A0617E /* RegistrationView.swift */,
				F375FF022B5FDAF000FD5F28 /* GoogleService-Info.plist */,
				F3C41EBC2B64566900B4C882 /* RecipeTabView.swift */,
				F3C9EBC42B64FF0700C7B265 /* ProfileView.swift */,
			);
			path = RecipeDemo;
			sourceTree = "<group>";
		};
		F3E76D202B5BD972004CC07D /* Preview Content */ = {
			isa = PBXGroup;
			children = (
				F3E76D212B5BD972004CC07D /* Preview Assets.xcassets */,
			);
			path = "Preview Content";
			sourceTree = "<group>";
		};
/* End PBXGroup section */

/* Begin PBXNativeTarget section */
		F3E76D162B5BD970004CC07D /* RecipeDemo */ = {
			isa = PBXNativeTarget;
			buildConfigurationList = F3E76D252B5BD972004CC07D /* Build configuration list for PBXNativeTarget "RecipeDemo" */;
			buildPhases = (
				F3E76D132B5BD970004CC07D /* Sources */,
				F3E76D142B5BD970004CC07D /* Frameworks */,
				F3E76D152B5BD970004CC07D /* Resources */,
			);
			buildRules = (
			);
			dependencies = (
			);
			name = RecipeDemo;
			packageProductDependencies = (
				F36AF4C12B5FCD230072A436 /* FirebaseAnalytics */,
				F36AF4C32B5FCD230072A436 /* FirebaseAnalyticsOnDeviceConversion */,
				F36AF4C52B5FCD230072A436 /* FirebaseAnalyticsSwift */,
				F36AF4C72B5FCD230072A436 /* FirebaseAnalyticsWithoutAdIdSupport */,
				F36AF4C92B5FCD230072A436 /* FirebaseAppCheck */,
				F36AF4CE2B5FD0860072A436 /* FirebaseAnalytics */,
				F36AF4D02B5FD0860072A436 /* FirebaseAnalyticsOnDeviceConversion */,
				F36AF4D22B5FD0860072A436 /* FirebaseAnalyticsSwift */,
				F36AF4D42B5FD0860072A436 /* FirebaseAnalyticsWithoutAdIdSupport */,
				F36AF4D62B5FD0860072A436 /* FirebaseAppCheck */,
				F36AF4D82B5FD0860072A436 /* FirebaseAppDistribution-Beta */,
				F36AF4DA2B5FD0860072A436 /* FirebaseAuth */,
				F36AF4DC2B5FD0860072A436 /* FirebaseAuthCombine-Community */,
				F36AF4DE2B5FD0860072A436 /* FirebaseCrashlytics */,
				F36AF4E02B5FD0860072A436 /* FirebaseDatabase */,
				F36AF4E22B5FD0860072A436 /* FirebaseDatabaseSwift */,
				F36AF4E42B5FD0860072A436 /* FirebaseDynamicLinks */,
				F36AF4E62B5FD0860072A436 /* FirebaseFirestore */,
				F36AF4E82B5FD0860072A436 /* FirebaseFirestoreCombine-Community */,
				F36AF4EA2B5FD0860072A436 /* FirebaseFirestoreSwift */,
				F36AF4EC2B5FD0860072A436 /* FirebaseFunctions */,
				F36AF4EE2B5FD0860072A436 /* FirebaseFunctionsCombine-Community */,
				F36AF4F02B5FD0860072A436 /* FirebaseInAppMessaging-Beta */,
				F36AF4F22B5FD0860072A436 /* FirebaseInAppMessagingSwift-Beta */,
				F36AF4F42B5FD0860072A436 /* FirebaseInstallations */,
				F36AF4F62B5FD0860072A436 /* FirebaseMLModelDownloader */,
				F36AF4F82B5FD0860072A436 /* FirebaseMessaging */,
				F36AF4FA2B5FD0860072A436 /* FirebasePerformance */,
				F36AF4FC2B5FD0860072A436 /* FirebaseRemoteConfig */,
				F36AF4FE2B5FD0860072A436 /* FirebaseRemoteConfigSwift */,
				F36AF5002B5FD0860072A436 /* FirebaseStorage */,
				F36AF5022B5FD0860072A436 /* FirebaseStorageCombine-Community */,
				F3C41EC12B645FDD00B4C882 /* FirebaseAnalytics */,
				F3C41EC32B645FDD00B4C882 /* FirebaseAnalyticsOnDeviceConversion */,
				F3C41EC52B645FDD00B4C882 /* FirebaseAnalyticsSwift */,
				F3C41EC72B645FDD00B4C882 /* FirebaseAnalyticsWithoutAdIdSupport */,
				F3C41EC92B645FDD00B4C882 /* FirebaseAppCheck */,
				F3C41ECB2B645FDD00B4C882 /* FirebaseAppDistribution-Beta */,
				F3C41ECD2B645FDD00B4C882 /* FirebaseAuth */,
				F3C41ECF2B645FDD00B4C882 /* FirebaseAuthCombine-Community */,
				F3C41ED12B645FDD00B4C882 /* FirebaseCrashlytics */,
				F3C41ED32B645FDD00B4C882 /* FirebaseDatabase */,
				F3C41ED52B645FDD00B4C882 /* FirebaseDatabaseSwift */,
				F3C41ED72B645FDD00B4C882 /* FirebaseDynamicLinks */,
				F3C41ED92B645FDD00B4C882 /* FirebaseFirestore */,
				F3C41EDB2B645FDD00B4C882 /* FirebaseFirestoreCombine-Community */,
				F3C41EDD2B645FDD00B4C882 /* FirebaseFirestoreSwift */,
				F3C41EDF2B645FDD00B4C882 /* FirebaseFunctions */,
				F3C41EE12B645FDD00B4C882 /* FirebaseFunctionsCombine-Community */,
				F3C41EE32B645FDD00B4C882 /* FirebaseInAppMessaging-Beta */,
				F3C41EE52B645FDD00B4C882 /* FirebaseInAppMessagingSwift-Beta */,
				F3C41EE72B645FDD00B4C882 /* FirebaseInstallations */,
				F3C41EE92B645FDD00B4C882 /* FirebaseMLModelDownloader */,
				F3C41EEB2B645FDD00B4C882 /* FirebaseMessaging */,
				F3C41EED2B645FDD00B4C882 /* FirebasePerformance */,
				F3C41EEF2B645FDD00B4C882 /* FirebaseRemoteConfig */,
				F3C41EF12B645FDD00B4C882 /* FirebaseRemoteConfigSwift */,
				F3C41EF32B645FDD00B4C882 /* FirebaseStorage */,
				F3C41EF52B645FDD00B4C882 /* FirebaseStorageCombine-Community */,
				F3C41EF72B64609E00B4C882 /* FirebaseAnalytics */,
				F3C41EF92B64609E00B4C882 /* FirebaseAnalyticsOnDeviceConversion */,
				F3C41EFB2B64609E00B4C882 /* FirebaseAnalyticsSwift */,
				F3C41EFD2B64609E00B4C882 /* FirebaseAnalyticsWithoutAdIdSupport */,
				F3C41EFF2B64609E00B4C882 /* FirebaseAppCheck */,
				F3C41F012B64609E00B4C882 /* FirebaseAppDistribution-Beta */,
				F3C41F032B64609E00B4C882 /* FirebaseAuthCombine-Community */,
				F3C41F052B64609E00B4C882 /* FirebaseCrashlytics */,
				F3C41F072B64609E00B4C882 /* FirebaseDatabase */,
				F3C41F092B64609E00B4C882 /* FirebaseDatabaseSwift */,
				F3C41F0B2B6460C400B4C882 /* FirebaseAnalytics */,
				F3C41F0D2B6460C400B4C882 /* FirebaseAnalyticsOnDeviceConversion */,
				F3C41F0F2B6460C400B4C882 /* FirebaseAnalyticsSwift */,
				F3C41F112B6460C400B4C882 /* FirebaseAnalyticsWithoutAdIdSupport */,
				F3C41F132B6460C400B4C882 /* FirebaseAppCheck */,
				F3C41F152B6460C400B4C882 /* FirebaseAppDistribution-Beta */,
				F3C41F172B6460C400B4C882 /* FirebaseAuth */,
				F3C41F192B6460C400B4C882 /* FirebaseAuthCombine-Community */,
				F3C41F1B2B6460C400B4C882 /* FirebaseCrashlytics */,
				F3C41F1D2B6460C400B4C882 /* FirebaseDatabase */,
				F3C41F1F2B6460C400B4C882 /* FirebaseDatabaseSwift */,
				F3C41F212B6460C400B4C882 /* FirebaseDynamicLinks */,
				F3C41F232B6460C400B4C882 /* FirebaseFirestore */,
				F3C41F252B6460C400B4C882 /* FirebaseFirestoreCombine-Community */,
				F3C41F272B6460C400B4C882 /* FirebaseFirestoreSwift */,
				F3C41F292B6460C400B4C882 /* FirebaseFunctions */,
				F3C41F2B2B6460C400B4C882 /* FirebaseFunctionsCombine-Community */,
				F3C41F2D2B6460C400B4C882 /* FirebaseInAppMessaging-Beta */,
				F3C41F2F2B6460C400B4C882 /* FirebaseInAppMessagingSwift-Beta */,
				F3C41F312B6460C400B4C882 /* FirebaseInstallations */,
				F3C41F332B6460C400B4C882 /* FirebaseMLModelDownloader */,
				F3C41F352B6460C400B4C882 /* FirebaseMessaging */,
				F3C41F372B6460C400B4C882 /* FirebasePerformance */,
				F3C41F392B6460C400B4C882 /* FirebaseRemoteConfig */,
				F3C41F3B2B6460C400B4C882 /* FirebaseRemoteConfigSwift */,
				F3C41F3D2B6460C400B4C882 /* FirebaseStorage */,
				F3C41F3F2B6460C400B4C882 /* FirebaseStorageCombine-Community */,
			);
			productName = RecipeDemo;
			productReference = F3E76D172B5BD970004CC07D /* RecipeDemo.app */;
			productType = "com.apple.product-type.application";
		};
/* End PBXNativeTarget section */

/* Begin PBXProject section */
		F3E76D0F2B5BD970004CC07D /* Project object */ = {
			isa = PBXProject;
			attributes = {
				BuildIndependentTargetsInParallel = 1;
				LastSwiftUpdateCheck = 1520;
				LastUpgradeCheck = 1520;
				TargetAttributes = {
					F3E76D162B5BD970004CC07D = {
						CreatedOnToolsVersion = 15.2;
					};
				};
			};
			buildConfigurationList = F3E76D122B5BD970004CC07D /* Build configuration list for PBXProject "RecipeDemo" */;
			compatibilityVersion = "Xcode 14.0";
			developmentRegion = en;
			hasScannedForEncodings = 0;
			knownRegions = (
				en,
				Base,
			);
			mainGroup = F3E76D0E2B5BD970004CC07D;
			packageReferences = (
				F36AF4C02B5FCD230072A436 /* XCRemoteSwiftPackageReference "firebase-ios-sdk" */,
			);
			productRefGroup = F3E76D182B5BD970004CC07D /* Products */;
			projectDirPath = "";
			projectRoot = "";
			targets = (
				F3E76D162B5BD970004CC07D /* RecipeDemo */,
			);
		};
/* End PBXProject section */

/* Begin PBXResourcesBuildPhase section */
		F3E76D152B5BD970004CC07D /* Resources */ = {
			isa = PBXResourcesBuildPhase;
			buildActionMask = 2147483647;
			files = (
				F3E76D222B5BD972004CC07D /* Preview Assets.xcassets in Resources */,
				F3E76D1F2B5BD972004CC07D /* Assets.xcassets in Resources */,
				F375FF032B5FDAF000FD5F28 /* GoogleService-Info.plist in Resources */,
			);
			runOnlyForDeploymentPostprocessing = 0;
		};
/* End PBXResourcesBuildPhase section */

/* Begin PBXSourcesBuildPhase section */
		F3E76D132B5BD970004CC07D /* Sources */ = {
			isa = PBXSourcesBuildPhase;
			buildActionMask = 2147483647;
			files = (
				F3E76D2D2B5BE469004CC07D /* TextViewModifier.swift in Sources */,
				F3E76D1D2B5BD970004CC07D /* ContentView.swift in Sources */,
				F3E76D292B5BDCEA004CC07D /* RoundedColorButton.swift in Sources */,
				F3A7E8C92B5D3D0400A0617E /* RegistrationView.swift in Sources */,
				F3C41EC02B645D2800B4C882 /* ContentViewModel.swift in Sources */,
				F3E76D2B2B5BE23C004CC07D /* LoginView.swift in Sources */,
				F3C41EBD2B64566900B4C882 /* RecipeTabView.swift in Sources */,
				F36AF5052B5FD3D00072A436 /* RegistrationViewModel.swift in Sources */,
				F3E76D1B2B5BD970004CC07D /* RecipeDemoApp.swift in Sources */,
				F3C9EBC52B64FF0700C7B265 /* ProfileView.swift in Sources */,
				F36AF4CD2B5FD00B0072A436 /* AuthService.swift in Sources */,
			);
			runOnlyForDeploymentPostprocessing = 0;
		};
/* End PBXSourcesBuildPhase section */

/* Begin XCBuildConfiguration section */
		F3E76D232B5BD972004CC07D /* Debug */ = {
			isa = XCBuildConfiguration;
			buildSettings = {
				ALWAYS_SEARCH_USER_PATHS = NO;
				ASSETCATALOG_COMPILER_GENERATE_SWIFT_ASSET_SYMBOL_EXTENSIONS = YES;
				CLANG_ANALYZER_NONNULL = YES;
				CLANG_ANALYZER_NUMBER_OBJECT_CONVERSION = YES_AGGRESSIVE;
				CLANG_CXX_LANGUAGE_STANDARD = "gnu++20";
				CLANG_ENABLE_MODULES = YES;
				CLANG_ENABLE_OBJC_ARC = YES;
				CLANG_ENABLE_OBJC_WEAK = YES;
				CLANG_WARN_BLOCK_CAPTURE_AUTORELEASING = YES;
				CLANG_WARN_BOOL_CONVERSION = YES;
				CLANG_WARN_COMMA = YES;
				CLANG_WARN_CONSTANT_CONVERSION = YES;
				CLANG_WARN_DEPRECATED_OBJC_IMPLEMENTATIONS = YES;
				CLANG_WARN_DIRECT_OBJC_ISA_USAGE = YES_ERROR;
				CLANG_WARN_DOCUMENTATION_COMMENTS = YES;
				CLANG_WARN_EMPTY_BODY = YES;
				CLANG_WARN_ENUM_CONVERSION = YES;
				CLANG_WARN_INFINITE_RECURSION = YES;
				CLANG_WARN_INT_CONVERSION = YES;
				CLANG_WARN_NON_LITERAL_NULL_CONVERSION = YES;
				CLANG_WARN_OBJC_IMPLICIT_RETAIN_SELF = YES;
				CLANG_WARN_OBJC_LITERAL_CONVERSION = YES;
				CLANG_WARN_OBJC_ROOT_CLASS = YES_ERROR;
				CLANG_WARN_QUOTED_INCLUDE_IN_FRAMEWORK_HEADER = YES;
				CLANG_WARN_RANGE_LOOP_ANALYSIS = YES;
				CLANG_WARN_STRICT_PROTOTYPES = YES;
				CLANG_WARN_SUSPICIOUS_MOVE = YES;
				CLANG_WARN_UNGUARDED_AVAILABILITY = YES_AGGRESSIVE;
				CLANG_WARN_UNREACHABLE_CODE = YES;
				CLANG_WARN__DUPLICATE_METHOD_MATCH = YES;
				COPY_PHASE_STRIP = NO;
				DEBUG_INFORMATION_FORMAT = dwarf;
				ENABLE_STRICT_OBJC_MSGSEND = YES;
				ENABLE_TESTABILITY = YES;
				ENABLE_USER_SCRIPT_SANDBOXING = YES;
				GCC_C_LANGUAGE_STANDARD = gnu17;
				GCC_DYNAMIC_NO_PIC = NO;
				GCC_NO_COMMON_BLOCKS = YES;
				GCC_OPTIMIZATION_LEVEL = 0;
				GCC_PREPROCESSOR_DEFINITIONS = (
					"DEBUG=1",
					"$(inherited)",
				);
				GCC_WARN_64_TO_32_BIT_CONVERSION = YES;
				GCC_WARN_ABOUT_RETURN_TYPE = YES_ERROR;
				GCC_WARN_UNDECLARED_SELECTOR = YES;
				GCC_WARN_UNINITIALIZED_AUTOS = YES_AGGRESSIVE;
				GCC_WARN_UNUSED_FUNCTION = YES;
				GCC_WARN_UNUSED_VARIABLE = YES;
				IPHONEOS_DEPLOYMENT_TARGET = 17.2;
				LOCALIZATION_PREFERS_STRING_CATALOGS = YES;
				MTL_ENABLE_DEBUG_INFO = INCLUDE_SOURCE;
				MTL_FAST_MATH = YES;
				ONLY_ACTIVE_ARCH = YES;
				SDKROOT = iphoneos;
				SWIFT_ACTIVE_COMPILATION_CONDITIONS = "DEBUG $(inherited)";
				SWIFT_OPTIMIZATION_LEVEL = "-Onone";
			};
			name = Debug;
		};
		F3E76D242B5BD972004CC07D /* Release */ = {
			isa = XCBuildConfiguration;
			buildSettings = {
				ALWAYS_SEARCH_USER_PATHS = NO;
				ASSETCATALOG_COMPILER_GENERATE_SWIFT_ASSET_SYMBOL_EXTENSIONS = YES;
				CLANG_ANALYZER_NONNULL = YES;
				CLANG_ANALYZER_NUMBER_OBJECT_CONVERSION = YES_AGGRESSIVE;
				CLANG_CXX_LANGUAGE_STANDARD = "gnu++20";
				CLANG_ENABLE_MODULES = YES;
				CLANG_ENABLE_OBJC_ARC = YES;
				CLANG_ENABLE_OBJC_WEAK = YES;
				CLANG_WARN_BLOCK_CAPTURE_AUTORELEASING = YES;
				CLANG_WARN_BOOL_CONVERSION = YES;
				CLANG_WARN_COMMA = YES;
				CLANG_WARN_CONSTANT_CONVERSION = YES;
				CLANG_WARN_DEPRECATED_OBJC_IMPLEMENTATIONS = YES;
				CLANG_WARN_DIRECT_OBJC_ISA_USAGE = YES_ERROR;
				CLANG_WARN_DOCUMENTATION_COMMENTS = YES;
				CLANG_WARN_EMPTY_BODY = YES;
				CLANG_WARN_ENUM_CONVERSION = YES;
				CLANG_WARN_INFINITE_RECURSION = YES;
				CLANG_WARN_INT_CONVERSION = YES;
				CLANG_WARN_NON_LITERAL_NULL_CONVERSION = YES;
				CLANG_WARN_OBJC_IMPLICIT_RETAIN_SELF = YES;
				CLANG_WARN_OBJC_LITERAL_CONVERSION = YES;
				CLANG_WARN_OBJC_ROOT_CLASS = YES_ERROR;
				CLANG_WARN_QUOTED_INCLUDE_IN_FRAMEWORK_HEADER = YES;
				CLANG_WARN_RANGE_LOOP_ANALYSIS = YES;
				CLANG_WARN_STRICT_PROTOTYPES = YES;
				CLANG_WARN_SUSPICIOUS_MOVE = YES;
				CLANG_WARN_UNGUARDED_AVAILABILITY = YES_AGGRESSIVE;
				CLANG_WARN_UNREACHABLE_CODE = YES;
				CLANG_WARN__DUPLICATE_METHOD_MATCH = YES;
				COPY_PHASE_STRIP = NO;
				DEBUG_INFORMATION_FORMAT = "dwarf-with-dsym";
				ENABLE_NS_ASSERTIONS = NO;
				ENABLE_STRICT_OBJC_MSGSEND = YES;
				ENABLE_USER_SCRIPT_SANDBOXING = YES;
				GCC_C_LANGUAGE_STANDARD = gnu17;
				GCC_NO_COMMON_BLOCKS = YES;
				GCC_WARN_64_TO_32_BIT_CONVERSION = YES;
				GCC_WARN_ABOUT_RETURN_TYPE = YES_ERROR;
				GCC_WARN_UNDECLARED_SELECTOR = YES;
				GCC_WARN_UNINITIALIZED_AUTOS = YES_AGGRESSIVE;
				GCC_WARN_UNUSED_FUNCTION = YES;
				GCC_WARN_UNUSED_VARIABLE = YES;
				IPHONEOS_DEPLOYMENT_TARGET = 17.2;
				LOCALIZATION_PREFERS_STRING_CATALOGS = YES;
				MTL_ENABLE_DEBUG_INFO = NO;
				MTL_FAST_MATH = YES;
				SDKROOT = iphoneos;
				SWIFT_COMPILATION_MODE = wholemodule;
				VALIDATE_PRODUCT = YES;
			};
			name = Release;
		};
		F3E76D262B5BD972004CC07D /* Debug */ = {
			isa = XCBuildConfiguration;
			buildSettings = {
				ASSETCATALOG_COMPILER_APPICON_NAME = AppIcon;
				ASSETCATALOG_COMPILER_GLOBAL_ACCENT_COLOR_NAME = AccentColor;
				CODE_SIGN_STYLE = Automatic;
				CURRENT_PROJECT_VERSION = 1;
				DEVELOPMENT_ASSET_PATHS = "\"RecipeDemo/Preview Content\"";
				DEVELOPMENT_TEAM = 23M7M35V73;
				ENABLE_PREVIEWS = YES;
				GENERATE_INFOPLIST_FILE = YES;
				INFOPLIST_KEY_UIApplicationSceneManifest_Generation = YES;
				INFOPLIST_KEY_UIApplicationSupportsIndirectInputEvents = YES;
				INFOPLIST_KEY_UILaunchScreen_Generation = YES;
				INFOPLIST_KEY_UISupportedInterfaceOrientations_iPad = "UIInterfaceOrientationPortrait UIInterfaceOrientationPortraitUpsideDown UIInterfaceOrientationLandscapeLeft UIInterfaceOrientationLandscapeRight";
				INFOPLIST_KEY_UISupportedInterfaceOrientations_iPhone = "UIInterfaceOrientationPortrait UIInterfaceOrientationLandscapeLeft UIInterfaceOrientationLandscapeRight";
				LD_RUNPATH_SEARCH_PATHS = (
					"$(inherited)",
					"@executable_path/Frameworks",
				);
				MARKETING_VERSION = 1.0;
				PRODUCT_BUNDLE_IDENTIFIER = MPiccato.RecipeDemo;
				PRODUCT_NAME = "$(TARGET_NAME)";
				SWIFT_EMIT_LOC_STRINGS = YES;
				SWIFT_VERSION = 5.0;
				TARGETED_DEVICE_FAMILY = "1,2";
			};
			name = Debug;
		};
		F3E76D272B5BD972004CC07D /* Release */ = {
			isa = XCBuildConfiguration;
			buildSettings = {
				ASSETCATALOG_COMPILER_APPICON_NAME = AppIcon;
				ASSETCATALOG_COMPILER_GLOBAL_ACCENT_COLOR_NAME = AccentColor;
				CODE_SIGN_STYLE = Automatic;
				CURRENT_PROJECT_VERSION = 1;
				DEVELOPMENT_ASSET_PATHS = "\"RecipeDemo/Preview Content\"";
				DEVELOPMENT_TEAM = 23M7M35V73;
				ENABLE_PREVIEWS = YES;
				GENERATE_INFOPLIST_FILE = YES;
				INFOPLIST_KEY_UIApplicationSceneManifest_Generation = YES;
				INFOPLIST_KEY_UIApplicationSupportsIndirectInputEvents = YES;
				INFOPLIST_KEY_UILaunchScreen_Generation = YES;
				INFOPLIST_KEY_UISupportedInterfaceOrientations_iPad = "UIInterfaceOrientationPortrait UIInterfaceOrientationPortraitUpsideDown UIInterfaceOrientationLandscapeLeft UIInterfaceOrientationLandscapeRight";
				INFOPLIST_KEY_UISupportedInterfaceOrientations_iPhone = "UIInterfaceOrientationPortrait UIInterfaceOrientationLandscapeLeft UIInterfaceOrientationLandscapeRight";
				LD_RUNPATH_SEARCH_PATHS = (
					"$(inherited)",
					"@executable_path/Frameworks",
				);
				MARKETING_VERSION = 1.0;
				PRODUCT_BUNDLE_IDENTIFIER = MPiccato.RecipeDemo;
				PRODUCT_NAME = "$(TARGET_NAME)";
				SWIFT_EMIT_LOC_STRINGS = YES;
				SWIFT_VERSION = 5.0;
				TARGETED_DEVICE_FAMILY = "1,2";
			};
			name = Release;
		};
/* End XCBuildConfiguration section */

/* Begin XCConfigurationList section */
		F3E76D122B5BD970004CC07D /* Build configuration list for PBXProject "RecipeDemo" */ = {
			isa = XCConfigurationList;
			buildConfigurations = (
				F3E76D232B5BD972004CC07D /* Debug */,
				F3E76D242B5BD972004CC07D /* Release */,
			);
			defaultConfigurationIsVisible = 0;
			defaultConfigurationName = Release;
		};
		F3E76D252B5BD972004CC07D /* Build configuration list for PBXNativeTarget "RecipeDemo" */ = {
			isa = XCConfigurationList;
			buildConfigurations = (
				F3E76D262B5BD972004CC07D /* Debug */,
				F3E76D272B5BD972004CC07D /* Release */,
			);
			defaultConfigurationIsVisible = 0;
			defaultConfigurationName = Release;
		};
/* End XCConfigurationList section */

/* Begin XCRemoteSwiftPackageReference section */
		F36AF4C02B5FCD230072A436 /* XCRemoteSwiftPackageReference "firebase-ios-sdk" */ = {
			isa = XCRemoteSwiftPackageReference;
			repositoryURL = "https://github.com/firebase/firebase-ios-sdk";
			requirement = {
				kind = upToNextMajorVersion;
				minimumVersion = 10.20.0;
			};
		};
/* End XCRemoteSwiftPackageReference section */

/* Begin XCSwiftPackageProductDependency section */
		F36AF4C12B5FCD230072A436 /* FirebaseAnalytics */ = {
			isa = XCSwiftPackageProductDependency;
			package = F36AF4C02B5FCD230072A436 /* XCRemoteSwiftPackageReference "firebase-ios-sdk" */;
			productName = FirebaseAnalytics;
		};
		F36AF4C32B5FCD230072A436 /* FirebaseAnalyticsOnDeviceConversion */ = {
			isa = XCSwiftPackageProductDependency;
			package = F36AF4C02B5FCD230072A436 /* XCRemoteSwiftPackageReference "firebase-ios-sdk" */;
			productName = FirebaseAnalyticsOnDeviceConversion;
		};
		F36AF4C52B5FCD230072A436 /* FirebaseAnalyticsSwift */ = {
			isa = XCSwiftPackageProductDependency;
			package = F36AF4C02B5FCD230072A436 /* XCRemoteSwiftPackageReference "firebase-ios-sdk" */;
			productName = FirebaseAnalyticsSwift;
		};
		F36AF4C72B5FCD230072A436 /* FirebaseAnalyticsWithoutAdIdSupport */ = {
			isa = XCSwiftPackageProductDependency;
			package = F36AF4C02B5FCD230072A436 /* XCRemoteSwiftPackageReference "firebase-ios-sdk" */;
			productName = FirebaseAnalyticsWithoutAdIdSupport;
		};
		F36AF4C92B5FCD230072A436 /* FirebaseAppCheck */ = {
			isa = XCSwiftPackageProductDependency;
			package = F36AF4C02B5FCD230072A436 /* XCRemoteSwiftPackageReference "firebase-ios-sdk" */;
			productName = FirebaseAppCheck;
		};
		F36AF4CE2B5FD0860072A436 /* FirebaseAnalytics */ = {
			isa = XCSwiftPackageProductDependency;
			package = F36AF4C02B5FCD230072A436 /* XCRemoteSwiftPackageReference "firebase-ios-sdk" */;
			productName = FirebaseAnalytics;
		};
		F36AF4D02B5FD0860072A436 /* FirebaseAnalyticsOnDeviceConversion */ = {
			isa = XCSwiftPackageProductDependency;
			package = F36AF4C02B5FCD230072A436 /* XCRemoteSwiftPackageReference "firebase-ios-sdk" */;
			productName = FirebaseAnalyticsOnDeviceConversion;
		};
		F36AF4D22B5FD0860072A436 /* FirebaseAnalyticsSwift */ = {
			isa = XCSwiftPackageProductDependency;
			package = F36AF4C02B5FCD230072A436 /* XCRemoteSwiftPackageReference "firebase-ios-sdk" */;
			productName = FirebaseAnalyticsSwift;
		};
		F36AF4D42B5FD0860072A436 /* FirebaseAnalyticsWithoutAdIdSupport */ = {
			isa = XCSwiftPackageProductDependency;
			package = F36AF4C02B5FCD230072A436 /* XCRemoteSwiftPackageReference "firebase-ios-sdk" */;
			productName = FirebaseAnalyticsWithoutAdIdSupport;
		};
		F36AF4D62B5FD0860072A436 /* FirebaseAppCheck */ = {
			isa = XCSwiftPackageProductDependency;
			package = F36AF4C02B5FCD230072A436 /* XCRemoteSwiftPackageReference "firebase-ios-sdk" */;
			productName = FirebaseAppCheck;
		};
		F36AF4D82B5FD0860072A436 /* FirebaseAppDistribution-Beta */ = {
			isa = XCSwiftPackageProductDependency;
			package = F36AF4C02B5FCD230072A436 /* XCRemoteSwiftPackageReference "firebase-ios-sdk" */;
			productName = "FirebaseAppDistribution-Beta";
		};
		F36AF4DA2B5FD0860072A436 /* FirebaseAuth */ = {
			isa = XCSwiftPackageProductDependency;
			package = F36AF4C02B5FCD230072A436 /* XCRemoteSwiftPackageReference "firebase-ios-sdk" */;
			productName = FirebaseAuth;
		};
		F36AF4DC2B5FD0860072A436 /* FirebaseAuthCombine-Community */ = {
			isa = XCSwiftPackageProductDependency;
			package = F36AF4C02B5FCD230072A436 /* XCRemoteSwiftPackageReference "firebase-ios-sdk" */;
			productName = "FirebaseAuthCombine-Community";
		};
		F36AF4DE2B5FD0860072A436 /* FirebaseCrashlytics */ = {
			isa = XCSwiftPackageProductDependency;
			package = F36AF4C02B5FCD230072A436 /* XCRemoteSwiftPackageReference "firebase-ios-sdk" */;
			productName = FirebaseCrashlytics;
		};
		F36AF4E02B5FD0860072A436 /* FirebaseDatabase */ = {
			isa = XCSwiftPackageProductDependency;
			package = F36AF4C02B5FCD230072A436 /* XCRemoteSwiftPackageReference "firebase-ios-sdk" */;
			productName = FirebaseDatabase;
		};
		F36AF4E22B5FD0860072A436 /* FirebaseDatabaseSwift */ = {
			isa = XCSwiftPackageProductDependency;
			package = F36AF4C02B5FCD230072A436 /* XCRemoteSwiftPackageReference "firebase-ios-sdk" */;
			productName = FirebaseDatabaseSwift;
		};
		F36AF4E42B5FD0860072A436 /* FirebaseDynamicLinks */ = {
			isa = XCSwiftPackageProductDependency;
			package = F36AF4C02B5FCD230072A436 /* XCRemoteSwiftPackageReference "firebase-ios-sdk" */;
			productName = FirebaseDynamicLinks;
		};
		F36AF4E62B5FD0860072A436 /* FirebaseFirestore */ = {
			isa = XCSwiftPackageProductDependency;
			package = F36AF4C02B5FCD230072A436 /* XCRemoteSwiftPackageReference "firebase-ios-sdk" */;
			productName = FirebaseFirestore;
		};
		F36AF4E82B5FD0860072A436 /* FirebaseFirestoreCombine-Community */ = {
			isa = XCSwiftPackageProductDependency;
			package = F36AF4C02B5FCD230072A436 /* XCRemoteSwiftPackageReference "firebase-ios-sdk" */;
			productName = "FirebaseFirestoreCombine-Community";
		};
		F36AF4EA2B5FD0860072A436 /* FirebaseFirestoreSwift */ = {
			isa = XCSwiftPackageProductDependency;
			package = F36AF4C02B5FCD230072A436 /* XCRemoteSwiftPackageReference "firebase-ios-sdk" */;
			productName = FirebaseFirestoreSwift;
		};
		F36AF4EC2B5FD0860072A436 /* FirebaseFunctions */ = {
			isa = XCSwiftPackageProductDependency;
			package = F36AF4C02B5FCD230072A436 /* XCRemoteSwiftPackageReference "firebase-ios-sdk" */;
			productName = FirebaseFunctions;
		};
		F36AF4EE2B5FD0860072A436 /* FirebaseFunctionsCombine-Community */ = {
			isa = XCSwiftPackageProductDependency;
			package = F36AF4C02B5FCD230072A436 /* XCRemoteSwiftPackageReference "firebase-ios-sdk" */;
			productName = "FirebaseFunctionsCombine-Community";
		};
		F36AF4F02B5FD0860072A436 /* FirebaseInAppMessaging-Beta */ = {
			isa = XCSwiftPackageProductDependency;
			package = F36AF4C02B5FCD230072A436 /* XCRemoteSwiftPackageReference "firebase-ios-sdk" */;
			productName = "FirebaseInAppMessaging-Beta";
		};
		F36AF4F22B5FD0860072A436 /* FirebaseInAppMessagingSwift-Beta */ = {
			isa = XCSwiftPackageProductDependency;
			package = F36AF4C02B5FCD230072A436 /* XCRemoteSwiftPackageReference "firebase-ios-sdk" */;
			productName = "FirebaseInAppMessagingSwift-Beta";
		};
		F36AF4F42B5FD0860072A436 /* FirebaseInstallations */ = {
			isa = XCSwiftPackageProductDependency;
			package = F36AF4C02B5FCD230072A436 /* XCRemoteSwiftPackageReference "firebase-ios-sdk" */;
			productName = FirebaseInstallations;
		};
		F36AF4F62B5FD0860072A436 /* FirebaseMLModelDownloader */ = {
			isa = XCSwiftPackageProductDependency;
			package = F36AF4C02B5FCD230072A436 /* XCRemoteSwiftPackageReference "firebase-ios-sdk" */;
			productName = FirebaseMLModelDownloader;
		};
		F36AF4F82B5FD0860072A436 /* FirebaseMessaging */ = {
			isa = XCSwiftPackageProductDependency;
			package = F36AF4C02B5FCD230072A436 /* XCRemoteSwiftPackageReference "firebase-ios-sdk" */;
			productName = FirebaseMessaging;
		};
		F36AF4FA2B5FD0860072A436 /* FirebasePerformance */ = {
			isa = XCSwiftPackageProductDependency;
			package = F36AF4C02B5FCD230072A436 /* XCRemoteSwiftPackageReference "firebase-ios-sdk" */;
			productName = FirebasePerformance;
		};
		F36AF4FC2B5FD0860072A436 /* FirebaseRemoteConfig */ = {
			isa = XCSwiftPackageProductDependency;
			package = F36AF4C02B5FCD230072A436 /* XCRemoteSwiftPackageReference "firebase-ios-sdk" */;
			productName = FirebaseRemoteConfig;
		};
		F36AF4FE2B5FD0860072A436 /* FirebaseRemoteConfigSwift */ = {
			isa = XCSwiftPackageProductDependency;
			package = F36AF4C02B5FCD230072A436 /* XCRemoteSwiftPackageReference "firebase-ios-sdk" */;
			productName = FirebaseRemoteConfigSwift;
		};
		F36AF5002B5FD0860072A436 /* FirebaseStorage */ = {
			isa = XCSwiftPackageProductDependency;
			package = F36AF4C02B5FCD230072A436 /* XCRemoteSwiftPackageReference "firebase-ios-sdk" */;
			productName = FirebaseStorage;
		};
		F36AF5022B5FD0860072A436 /* FirebaseStorageCombine-Community */ = {
			isa = XCSwiftPackageProductDependency;
			package = F36AF4C02B5FCD230072A436 /* XCRemoteSwiftPackageReference "firebase-ios-sdk" */;
			productName = "FirebaseStorageCombine-Community";
		};
		F3C41EC12B645FDD00B4C882 /* FirebaseAnalytics */ = {
			isa = XCSwiftPackageProductDependency;
			package = F36AF4C02B5FCD230072A436 /* XCRemoteSwiftPackageReference "firebase-ios-sdk" */;
			productName = FirebaseAnalytics;
		};
		F3C41EC32B645FDD00B4C882 /* FirebaseAnalyticsOnDeviceConversion */ = {
			isa = XCSwiftPackageProductDependency;
			package = F36AF4C02B5FCD230072A436 /* XCRemoteSwiftPackageReference "firebase-ios-sdk" */;
			productName = FirebaseAnalyticsOnDeviceConversion;
		};
		F3C41EC52B645FDD00B4C882 /* FirebaseAnalyticsSwift */ = {
			isa = XCSwiftPackageProductDependency;
			package = F36AF4C02B5FCD230072A436 /* XCRemoteSwiftPackageReference "firebase-ios-sdk" */;
			productName = FirebaseAnalyticsSwift;
		};
		F3C41EC72B645FDD00B4C882 /* FirebaseAnalyticsWithoutAdIdSupport */ = {
			isa = XCSwiftPackageProductDependency;
			package = F36AF4C02B5FCD230072A436 /* XCRemoteSwiftPackageReference "firebase-ios-sdk" */;
			productName = FirebaseAnalyticsWithoutAdIdSupport;
		};
		F3C41EC92B645FDD00B4C882 /* FirebaseAppCheck */ = {
			isa = XCSwiftPackageProductDependency;
			package = F36AF4C02B5FCD230072A436 /* XCRemoteSwiftPackageReference "firebase-ios-sdk" */;
			productName = FirebaseAppCheck;
		};
		F3C41ECB2B645FDD00B4C882 /* FirebaseAppDistribution-Beta */ = {
			isa = XCSwiftPackageProductDependency;
			package = F36AF4C02B5FCD230072A436 /* XCRemoteSwiftPackageReference "firebase-ios-sdk" */;
			productName = "FirebaseAppDistribution-Beta";
		};
		F3C41ECD2B645FDD00B4C882 /* FirebaseAuth */ = {
			isa = XCSwiftPackageProductDependency;
			package = F36AF4C02B5FCD230072A436 /* XCRemoteSwiftPackageReference "firebase-ios-sdk" */;
			productName = FirebaseAuth;
		};
		F3C41ECF2B645FDD00B4C882 /* FirebaseAuthCombine-Community */ = {
			isa = XCSwiftPackageProductDependency;
			package = F36AF4C02B5FCD230072A436 /* XCRemoteSwiftPackageReference "firebase-ios-sdk" */;
			productName = "FirebaseAuthCombine-Community";
		};
		F3C41ED12B645FDD00B4C882 /* FirebaseCrashlytics */ = {
			isa = XCSwiftPackageProductDependency;
			package = F36AF4C02B5FCD230072A436 /* XCRemoteSwiftPackageReference "firebase-ios-sdk" */;
			productName = FirebaseCrashlytics;
		};
		F3C41ED32B645FDD00B4C882 /* FirebaseDatabase */ = {
			isa = XCSwiftPackageProductDependency;
			package = F36AF4C02B5FCD230072A436 /* XCRemoteSwiftPackageReference "firebase-ios-sdk" */;
			productName = FirebaseDatabase;
		};
		F3C41ED52B645FDD00B4C882 /* FirebaseDatabaseSwift */ = {
			isa = XCSwiftPackageProductDependency;
			package = F36AF4C02B5FCD230072A436 /* XCRemoteSwiftPackageReference "firebase-ios-sdk" */;
			productName = FirebaseDatabaseSwift;
		};
		F3C41ED72B645FDD00B4C882 /* FirebaseDynamicLinks */ = {
			isa = XCSwiftPackageProductDependency;
			package = F36AF4C02B5FCD230072A436 /* XCRemoteSwiftPackageReference "firebase-ios-sdk" */;
			productName = FirebaseDynamicLinks;
		};
		F3C41ED92B645FDD00B4C882 /* FirebaseFirestore */ = {
			isa = XCSwiftPackageProductDependency;
			package = F36AF4C02B5FCD230072A436 /* XCRemoteSwiftPackageReference "firebase-ios-sdk" */;
			productName = FirebaseFirestore;
		};
		F3C41EDB2B645FDD00B4C882 /* FirebaseFirestoreCombine-Community */ = {
			isa = XCSwiftPackageProductDependency;
			package = F36AF4C02B5FCD230072A436 /* XCRemoteSwiftPackageReference "firebase-ios-sdk" */;
			productName = "FirebaseFirestoreCombine-Community";
		};
		F3C41EDD2B645FDD00B4C882 /* FirebaseFirestoreSwift */ = {
			isa = XCSwiftPackageProductDependency;
			package = F36AF4C02B5FCD230072A436 /* XCRemoteSwiftPackageReference "firebase-ios-sdk" */;
			productName = FirebaseFirestoreSwift;
		};
		F3C41EDF2B645FDD00B4C882 /* FirebaseFunctions */ = {
			isa = XCSwiftPackageProductDependency;
			package = F36AF4C02B5FCD230072A436 /* XCRemoteSwiftPackageReference "firebase-ios-sdk" */;
			productName = FirebaseFunctions;
		};
		F3C41EE12B645FDD00B4C882 /* FirebaseFunctionsCombine-Community */ = {
			isa = XCSwiftPackageProductDependency;
			package = F36AF4C02B5FCD230072A436 /* XCRemoteSwiftPackageReference "firebase-ios-sdk" */;
			productName = "FirebaseFunctionsCombine-Community";
		};
		F3C41EE32B645FDD00B4C882 /* FirebaseInAppMessaging-Beta */ = {
			isa = XCSwiftPackageProductDependency;
			package = F36AF4C02B5FCD230072A436 /* XCRemoteSwiftPackageReference "firebase-ios-sdk" */;
			productName = "FirebaseInAppMessaging-Beta";
		};
		F3C41EE52B645FDD00B4C882 /* FirebaseInAppMessagingSwift-Beta */ = {
			isa = XCSwiftPackageProductDependency;
			package = F36AF4C02B5FCD230072A436 /* XCRemoteSwiftPackageReference "firebase-ios-sdk" */;
			productName = "FirebaseInAppMessagingSwift-Beta";
		};
		F3C41EE72B645FDD00B4C882 /* FirebaseInstallations */ = {
			isa = XCSwiftPackageProductDependency;
			package = F36AF4C02B5FCD230072A436 /* XCRemoteSwiftPackageReference "firebase-ios-sdk" */;
			productName = FirebaseInstallations;
		};
		F3C41EE92B645FDD00B4C882 /* FirebaseMLModelDownloader */ = {
			isa = XCSwiftPackageProductDependency;
			package = F36AF4C02B5FCD230072A436 /* XCRemoteSwiftPackageReference "firebase-ios-sdk" */;
			productName = FirebaseMLModelDownloader;
		};
		F3C41EEB2B645FDD00B4C882 /* FirebaseMessaging */ = {
			isa = XCSwiftPackageProductDependency;
			package = F36AF4C02B5FCD230072A436 /* XCRemoteSwiftPackageReference "firebase-ios-sdk" */;
			productName = FirebaseMessaging;
		};
		F3C41EED2B645FDD00B4C882 /* FirebasePerformance */ = {
			isa = XCSwiftPackageProductDependency;
			package = F36AF4C02B5FCD230072A436 /* XCRemoteSwiftPackageReference "firebase-ios-sdk" */;
			productName = FirebasePerformance;
		};
		F3C41EEF2B645FDD00B4C882 /* FirebaseRemoteConfig */ = {
			isa = XCSwiftPackageProductDependency;
			package = F36AF4C02B5FCD230072A436 /* XCRemoteSwiftPackageReference "firebase-ios-sdk" */;
			productName = FirebaseRemoteConfig;
		};
		F3C41EF12B645FDD00B4C882 /* FirebaseRemoteConfigSwift */ = {
			isa = XCSwiftPackageProductDependency;
			package = F36AF4C02B5FCD230072A436 /* XCRemoteSwiftPackageReference "firebase-ios-sdk" */;
			productName = FirebaseRemoteConfigSwift;
		};
		F3C41EF32B645FDD00B4C882 /* FirebaseStorage */ = {
			isa = XCSwiftPackageProductDependency;
			package = F36AF4C02B5FCD230072A436 /* XCRemoteSwiftPackageReference "firebase-ios-sdk" */;
			productName = FirebaseStorage;
		};
		F3C41EF52B645FDD00B4C882 /* FirebaseStorageCombine-Community */ = {
			isa = XCSwiftPackageProductDependency;
			package = F36AF4C02B5FCD230072A436 /* XCRemoteSwiftPackageReference "firebase-ios-sdk" */;
			productName = "FirebaseStorageCombine-Community";
		};
		F3C41EF72B64609E00B4C882 /* FirebaseAnalytics */ = {
			isa = XCSwiftPackageProductDependency;
			package = F36AF4C02B5FCD230072A436 /* XCRemoteSwiftPackageReference "firebase-ios-sdk" */;
			productName = FirebaseAnalytics;
		};
		F3C41EF92B64609E00B4C882 /* FirebaseAnalyticsOnDeviceConversion */ = {
			isa = XCSwiftPackageProductDependency;
			package = F36AF4C02B5FCD230072A436 /* XCRemoteSwiftPackageReference "firebase-ios-sdk" */;
			productName = FirebaseAnalyticsOnDeviceConversion;
		};
		F3C41EFB2B64609E00B4C882 /* FirebaseAnalyticsSwift */ = {
			isa = XCSwiftPackageProductDependency;
			package = F36AF4C02B5FCD230072A436 /* XCRemoteSwiftPackageReference "firebase-ios-sdk" */;
			productName = FirebaseAnalyticsSwift;
		};
		F3C41EFD2B64609E00B4C882 /* FirebaseAnalyticsWithoutAdIdSupport */ = {
			isa = XCSwiftPackageProductDependency;
			package = F36AF4C02B5FCD230072A436 /* XCRemoteSwiftPackageReference "firebase-ios-sdk" */;
			productName = FirebaseAnalyticsWithoutAdIdSupport;
		};
		F3C41EFF2B64609E00B4C882 /* FirebaseAppCheck */ = {
			isa = XCSwiftPackageProductDependency;
			package = F36AF4C02B5FCD230072A436 /* XCRemoteSwiftPackageReference "firebase-ios-sdk" */;
			productName = FirebaseAppCheck;
		};
		F3C41F012B64609E00B4C882 /* FirebaseAppDistribution-Beta */ = {
			isa = XCSwiftPackageProductDependency;
			package = F36AF4C02B5FCD230072A436 /* XCRemoteSwiftPackageReference "firebase-ios-sdk" */;
			productName = "FirebaseAppDistribution-Beta";
		};
		F3C41F032B64609E00B4C882 /* FirebaseAuthCombine-Community */ = {
			isa = XCSwiftPackageProductDependency;
			package = F36AF4C02B5FCD230072A436 /* XCRemoteSwiftPackageReference "firebase-ios-sdk" */;
			productName = "FirebaseAuthCombine-Community";
		};
		F3C41F052B64609E00B4C882 /* FirebaseCrashlytics */ = {
			isa = XCSwiftPackageProductDependency;
			package = F36AF4C02B5FCD230072A436 /* XCRemoteSwiftPackageReference "firebase-ios-sdk" */;
			productName = FirebaseCrashlytics;
		};
		F3C41F072B64609E00B4C882 /* FirebaseDatabase */ = {
			isa = XCSwiftPackageProductDependency;
			package = F36AF4C02B5FCD230072A436 /* XCRemoteSwiftPackageReference "firebase-ios-sdk" */;
			productName = FirebaseDatabase;
		};
		F3C41F092B64609E00B4C882 /* FirebaseDatabaseSwift */ = {
			isa = XCSwiftPackageProductDependency;
			package = F36AF4C02B5FCD230072A436 /* XCRemoteSwiftPackageReference "firebase-ios-sdk" */;
			productName = FirebaseDatabaseSwift;
		};
		F3C41F0B2B6460C400B4C882 /* FirebaseAnalytics */ = {
			isa = XCSwiftPackageProductDependency;
			package = F36AF4C02B5FCD230072A436 /* XCRemoteSwiftPackageReference "firebase-ios-sdk" */;
			productName = FirebaseAnalytics;
		};
		F3C41F0D2B6460C400B4C882 /* FirebaseAnalyticsOnDeviceConversion */ = {
			isa = XCSwiftPackageProductDependency;
			package = F36AF4C02B5FCD230072A436 /* XCRemoteSwiftPackageReference "firebase-ios-sdk" */;
			productName = FirebaseAnalyticsOnDeviceConversion;
		};
		F3C41F0F2B6460C400B4C882 /* FirebaseAnalyticsSwift */ = {
			isa = XCSwiftPackageProductDependency;
			package = F36AF4C02B5FCD230072A436 /* XCRemoteSwiftPackageReference "firebase-ios-sdk" */;
			productName = FirebaseAnalyticsSwift;
		};
		F3C41F112B6460C400B4C882 /* FirebaseAnalyticsWithoutAdIdSupport */ = {
			isa = XCSwiftPackageProductDependency;
			package = F36AF4C02B5FCD230072A436 /* XCRemoteSwiftPackageReference "firebase-ios-sdk" */;
			productName = FirebaseAnalyticsWithoutAdIdSupport;
		};
		F3C41F132B6460C400B4C882 /* FirebaseAppCheck */ = {
			isa = XCSwiftPackageProductDependency;
			package = F36AF4C02B5FCD230072A436 /* XCRemoteSwiftPackageReference "firebase-ios-sdk" */;
			productName = FirebaseAppCheck;
		};
		F3C41F152B6460C400B4C882 /* FirebaseAppDistribution-Beta */ = {
			isa = XCSwiftPackageProductDependency;
			package = F36AF4C02B5FCD230072A436 /* XCRemoteSwiftPackageReference "firebase-ios-sdk" */;
			productName = "FirebaseAppDistribution-Beta";
		};
		F3C41F172B6460C400B4C882 /* FirebaseAuth */ = {
			isa = XCSwiftPackageProductDependency;
			package = F36AF4C02B5FCD230072A436 /* XCRemoteSwiftPackageReference "firebase-ios-sdk" */;
			productName = FirebaseAuth;
		};
		F3C41F192B6460C400B4C882 /* FirebaseAuthCombine-Community */ = {
			isa = XCSwiftPackageProductDependency;
			package = F36AF4C02B5FCD230072A436 /* XCRemoteSwiftPackageReference "firebase-ios-sdk" */;
			productName = "FirebaseAuthCombine-Community";
		};
		F3C41F1B2B6460C400B4C882 /* FirebaseCrashlytics */ = {
			isa = XCSwiftPackageProductDependency;
			package = F36AF4C02B5FCD230072A436 /* XCRemoteSwiftPackageReference "firebase-ios-sdk" */;
			productName = FirebaseCrashlytics;
		};
		F3C41F1D2B6460C400B4C882 /* FirebaseDatabase */ = {
			isa = XCSwiftPackageProductDependency;
			package = F36AF4C02B5FCD230072A436 /* XCRemoteSwiftPackageReference "firebase-ios-sdk" */;
			productName = FirebaseDatabase;
		};
		F3C41F1F2B6460C400B4C882 /* FirebaseDatabaseSwift */ = {
			isa = XCSwiftPackageProductDependency;
			package = F36AF4C02B5FCD230072A436 /* XCRemoteSwiftPackageReference "firebase-ios-sdk" */;
			productName = FirebaseDatabaseSwift;
		};
		F3C41F212B6460C400B4C882 /* FirebaseDynamicLinks */ = {
			isa = XCSwiftPackageProductDependency;
			package = F36AF4C02B5FCD230072A436 /* XCRemoteSwiftPackageReference "firebase-ios-sdk" */;
			productName = FirebaseDynamicLinks;
		};
		F3C41F232B6460C400B4C882 /* FirebaseFirestore */ = {
			isa = XCSwiftPackageProductDependency;
			package = F36AF4C02B5FCD230072A436 /* XCRemoteSwiftPackageReference "firebase-ios-sdk" */;
			productName = FirebaseFirestore;
		};
		F3C41F252B6460C400B4C882 /* FirebaseFirestoreCombine-Community */ = {
			isa = XCSwiftPackageProductDependency;
			package = F36AF4C02B5FCD230072A436 /* XCRemoteSwiftPackageReference "firebase-ios-sdk" */;
			productName = "FirebaseFirestoreCombine-Community";
		};
		F3C41F272B6460C400B4C882 /* FirebaseFirestoreSwift */ = {
			isa = XCSwiftPackageProductDependency;
			package = F36AF4C02B5FCD230072A436 /* XCRemoteSwiftPackageReference "firebase-ios-sdk" */;
			productName = FirebaseFirestoreSwift;
		};
		F3C41F292B6460C400B4C882 /* FirebaseFunctions */ = {
			isa = XCSwiftPackageProductDependency;
			package = F36AF4C02B5FCD230072A436 /* XCRemoteSwiftPackageReference "firebase-ios-sdk" */;
			productName = FirebaseFunctions;
		};
		F3C41F2B2B6460C400B4C882 /* FirebaseFunctionsCombine-Community */ = {
			isa = XCSwiftPackageProductDependency;
			package = F36AF4C02B5FCD230072A436 /* XCRemoteSwiftPackageReference "firebase-ios-sdk" */;
			productName = "FirebaseFunctionsCombine-Community";
		};
		F3C41F2D2B6460C400B4C882 /* FirebaseInAppMessaging-Beta */ = {
			isa = XCSwiftPackageProductDependency;
			package = F36AF4C02B5FCD230072A436 /* XCRemoteSwiftPackageReference "firebase-ios-sdk" */;
			productName = "FirebaseInAppMessaging-Beta";
		};
		F3C41F2F2B6460C400B4C882 /* FirebaseInAppMessagingSwift-Beta */ = {
			isa = XCSwiftPackageProductDependency;
			package = F36AF4C02B5FCD230072A436 /* XCRemoteSwiftPackageReference "firebase-ios-sdk" */;
			productName = "FirebaseInAppMessagingSwift-Beta";
		};
		F3C41F312B6460C400B4C882 /* FirebaseInstallations */ = {
			isa = XCSwiftPackageProductDependency;
			package = F36AF4C02B5FCD230072A436 /* XCRemoteSwiftPackageReference "firebase-ios-sdk" */;
			productName = FirebaseInstallations;
		};
		F3C41F332B6460C400B4C882 /* FirebaseMLModelDownloader */ = {
			isa = XCSwiftPackageProductDependency;
			package = F36AF4C02B5FCD230072A436 /* XCRemoteSwiftPackageReference "firebase-ios-sdk" */;
			productName = FirebaseMLModelDownloader;
		};
		F3C41F352B6460C400B4C882 /* FirebaseMessaging */ = {
			isa = XCSwiftPackageProductDependency;
			package = F36AF4C02B5FCD230072A436 /* XCRemoteSwiftPackageReference "firebase-ios-sdk" */;
			productName = FirebaseMessaging;
		};
		F3C41F372B6460C400B4C882 /* FirebasePerformance */ = {
			isa = XCSwiftPackageProductDependency;
			package = F36AF4C02B5FCD230072A436 /* XCRemoteSwiftPackageReference "firebase-ios-sdk" */;
			productName = FirebasePerformance;
		};
		F3C41F392B6460C400B4C882 /* FirebaseRemoteConfig */ = {
			isa = XCSwiftPackageProductDependency;
			package = F36AF4C02B5FCD230072A436 /* XCRemoteSwiftPackageReference "firebase-ios-sdk" */;
			productName = FirebaseRemoteConfig;
		};
		F3C41F3B2B6460C400B4C882 /* FirebaseRemoteConfigSwift */ = {
			isa = XCSwiftPackageProductDependency;
			package = F36AF4C02B5FCD230072A436 /* XCRemoteSwiftPackageReference "firebase-ios-sdk" */;
			productName = FirebaseRemoteConfigSwift;
		};
		F3C41F3D2B6460C400B4C882 /* FirebaseStorage */ = {
			isa = XCSwiftPackageProductDependency;
			package = F36AF4C02B5FCD230072A436 /* XCRemoteSwiftPackageReference "firebase-ios-sdk" */;
			productName = FirebaseStorage;
		};
		F3C41F3F2B6460C400B4C882 /* FirebaseStorageCombine-Community */ = {
			isa = XCSwiftPackageProductDependency;
			package = F36AF4C02B5FCD230072A436 /* XCRemoteSwiftPackageReference "firebase-ios-sdk" */;
			productName = "FirebaseStorageCombine-Community";
		};
/* End XCSwiftPackageProductDependency section */
	};
	rootObject = F3E76D0F2B5BD970004CC07D /* Project object */;
}
